// !$*UTF8*$!
{
	archiveVersion = 1;
	classes = {
	};
	objectVersion = 56;
	objects = {

/* Begin PBXBuildFile section */
		075E46E52BF543B70025A082 /* SecStoryboard.storyboard in Resources */ = {isa = PBXBuildFile; fileRef = 075E46E42BF543B70025A082 /* SecStoryboard.storyboard */; };
		075E46E62BF543B70025A082 /* SecStoryboard.storyboard in Resources */ = {isa = PBXBuildFile; fileRef = 075E46E42BF543B70025A082 /* SecStoryboard.storyboard */; };
		075E46E72BF543B70025A082 /* SecStoryboard.storyboard in Resources */ = {isa = PBXBuildFile; fileRef = 075E46E42BF543B70025A082 /* SecStoryboard.storyboard */; };
		07B606322BFBDA7500CB6B02 /* LeagueTeamsResponse.swift in Sources */ = {isa = PBXBuildFile; fileRef = 07B606312BFBDA7500CB6B02 /* LeagueTeamsResponse.swift */; };
		07CF75A62BF7C19800731DC3 /* LeaguesDetailsCollectionViewController.swift in Sources */ = {isa = PBXBuildFile; fileRef = 07CF75A52BF7C19800731DC3 /* LeaguesDetailsCollectionViewController.swift */; };
		07CF75AD2BF7E8AA00731DC3 /* LeaguesTeamsCellCollectionViewCell.xib in Resources */ = {isa = PBXBuildFile; fileRef = 07CF75AC2BF7E8AA00731DC3 /* LeaguesTeamsCellCollectionViewCell.xib */; };
		07CF75AE2BF7E8AA00731DC3 /* LeaguesTeamsCellCollectionViewCell.swift in Sources */ = {isa = PBXBuildFile; fileRef = 07CF75AB2BF7E8AA00731DC3 /* LeaguesTeamsCellCollectionViewCell.swift */; };
		07CF75B02BF7FFD100731DC3 /* SectionHeaderView.swift in Sources */ = {isa = PBXBuildFile; fileRef = 07CF75AF2BF7FFD100731DC3 /* SectionHeaderView.swift */; };
		07CF75B32BF8A1C200731DC3 /* TeamDetailsTopSectionCollectionViewCell.xib in Resources */ = {isa = PBXBuildFile; fileRef = 07CF75B22BF8A1C100731DC3 /* TeamDetailsTopSectionCollectionViewCell.xib */; };
		07CF75B42BF8A1C200731DC3 /* TeamDetailsTopSectionCollectionViewCell.swift in Sources */ = {isa = PBXBuildFile; fileRef = 07CF75B12BF8A1C100731DC3 /* TeamDetailsTopSectionCollectionViewCell.swift */; };
		07CF75B72BF8A37000731DC3 /* TeamDetailsBottomSectionCollectionViewCell.xib in Resources */ = {isa = PBXBuildFile; fileRef = 07CF75B62BF8A37000731DC3 /* TeamDetailsBottomSectionCollectionViewCell.xib */; };
		07CF75B82BF8A37000731DC3 /* TeamDetailsBottomSectionCollectionViewCell.swift in Sources */ = {isa = PBXBuildFile; fileRef = 07CF75B52BF8A37000731DC3 /* TeamDetailsBottomSectionCollectionViewCell.swift */; };
		07CF75BA2BF8A71200731DC3 /* TeamDetailCollectionViewController.swift in Sources */ = {isa = PBXBuildFile; fileRef = 07CF75B92BF8A71200731DC3 /* TeamDetailCollectionViewController.swift */; };
		07D0E9C62BF91694003F0DCC /* LeaguesUpCommingEventsCollectionViewCell.xib in Resources */ = {isa = PBXBuildFile; fileRef = 07D0E9C42BF91694003F0DCC /* LeaguesUpCommingEventsCollectionViewCell.xib */; };
		07D0E9C72BF91694003F0DCC /* LeaguesUpCommingEventsCollectionViewCell.swift in Sources */ = {isa = PBXBuildFile; fileRef = 07D0E9C52BF91694003F0DCC /* LeaguesUpCommingEventsCollectionViewCell.swift */; };
		07D0E9CE2BF920E2003F0DCC /* NetworkUtils.swift in Sources */ = {isa = PBXBuildFile; fileRef = 07D0E9CD2BF920E2003F0DCC /* NetworkUtils.swift */; };
		07D0E9D02BF92115003F0DCC /* Pojo.swift in Sources */ = {isa = PBXBuildFile; fileRef = 07D0E9CF2BF92115003F0DCC /* Pojo.swift */; };
		07D0E9D42BF921CC003F0DCC /* LeaguesTeamsCellCollectionViewCell.swift in Sources */ = {isa = PBXBuildFile; fileRef = 07CF75AB2BF7E8AA00731DC3 /* LeaguesTeamsCellCollectionViewCell.swift */; };
		07D0E9D52BF921CC003F0DCC /* LeaguesTeamsCellCollectionViewCell.swift in Sources */ = {isa = PBXBuildFile; fileRef = 07CF75AB2BF7E8AA00731DC3 /* LeaguesTeamsCellCollectionViewCell.swift */; };
		07D0E9D82BF9221E003F0DCC /* LeaguesDetailsViewModel.swift in Sources */ = {isa = PBXBuildFile; fileRef = 07D0E9D72BF9221E003F0DCC /* LeaguesDetailsViewModel.swift */; };
		07D73CFF2BFE7CF700DC5EA6 /* TeamDetailsResponse.swift in Sources */ = {isa = PBXBuildFile; fileRef = 07D73CFE2BFE7CF700DC5EA6 /* TeamDetailsResponse.swift */; };
		07D99F1F2BFD4AA100E9DCE4 /* DbServices.swift in Sources */ = {isa = PBXBuildFile; fileRef = 07D99F1E2BFD4AA100E9DCE4 /* DbServices.swift */; };
		07D99F2A2BFD54AF00E9DCE4 /* test.swift in Sources */ = {isa = PBXBuildFile; fileRef = 07D99F292BFD54AF00E9DCE4 /* test.swift */; };
		07D99F2B2BFD54AF00E9DCE4 /* test.swift in Sources */ = {isa = PBXBuildFile; fileRef = 07D99F292BFD54AF00E9DCE4 /* test.swift */; };
		07D99F2C2BFD54AF00E9DCE4 /* test.swift in Sources */ = {isa = PBXBuildFile; fileRef = 07D99F292BFD54AF00E9DCE4 /* test.swift */; };
		07E157122BFFC86700FA8A7E /* ColorUtils.swift in Sources */ = {isa = PBXBuildFile; fileRef = 07E157112BFFC86700FA8A7E /* ColorUtils.swift */; };
		07E157142BFFE6E600FA8A7E /* TeamDetailsViewModel.swift in Sources */ = {isa = PBXBuildFile; fileRef = 07E157132BFFE6E600FA8A7E /* TeamDetailsViewModel.swift */; };
		07F99B4C2C051C720005EC0E /* MokNetwork.swift in Sources */ = {isa = PBXBuildFile; fileRef = 07F99B4B2C051C720005EC0E /* MokNetwork.swift */; };
		07F99B4E2C0520FC0005EC0E /* NetworkServices.swift in Sources */ = {isa = PBXBuildFile; fileRef = 07F99B4D2C0520FC0005EC0E /* NetworkServices.swift */; };
		07F99B522C05317C0005EC0E /* NewCustomGreenColor.swift in Sources */ = {isa = PBXBuildFile; fileRef = 07F99B512C05317C0005EC0E /* NewCustomGreenColor.swift */; };
		0DD5207BE452B94D78EB0CFE /* Pods_SportsApp_SportsAppUITests.framework in Frameworks */ = {isa = PBXBuildFile; fileRef = 84B306712C354524608859E1 /* Pods_SportsApp_SportsAppUITests.framework */; };
		472AE0052BF537B0000C97FF /* AppDelegate.swift in Sources */ = {isa = PBXBuildFile; fileRef = 472AE0042BF537B0000C97FF /* AppDelegate.swift */; };
		472AE0072BF537B0000C97FF /* SceneDelegate.swift in Sources */ = {isa = PBXBuildFile; fileRef = 472AE0062BF537B0000C97FF /* SceneDelegate.swift */; };
		472AE0092BF537B0000C97FF /* ViewController.swift in Sources */ = {isa = PBXBuildFile; fileRef = 472AE0082BF537B0000C97FF /* ViewController.swift */; };
		472AE00C2BF537B0000C97FF /* Main.storyboard in Resources */ = {isa = PBXBuildFile; fileRef = 472AE00A2BF537B0000C97FF /* Main.storyboard */; };
		472AE00F2BF537B0000C97FF /* SportsApp.xcdatamodeld in Sources */ = {isa = PBXBuildFile; fileRef = 472AE00D2BF537B0000C97FF /* SportsApp.xcdatamodeld */; };
		472AE0112BF537B4000C97FF /* Assets.xcassets in Resources */ = {isa = PBXBuildFile; fileRef = 472AE0102BF537B4000C97FF /* Assets.xcassets */; };
		472AE0142BF537B4000C97FF /* LaunchScreen.storyboard in Resources */ = {isa = PBXBuildFile; fileRef = 472AE0122BF537B4000C97FF /* LaunchScreen.storyboard */; };
		472AE0292BF537B4000C97FF /* SportsAppUITests.swift in Sources */ = {isa = PBXBuildFile; fileRef = 472AE0282BF537B4000C97FF /* SportsAppUITests.swift */; };
		472AE02B2BF537B4000C97FF /* SportsAppUITestsLaunchTests.swift in Sources */ = {isa = PBXBuildFile; fileRef = 472AE02A2BF537B4000C97FF /* SportsAppUITestsLaunchTests.swift */; };
		4786CD372BF77D65009D4BD8 /* LeaguesTableViewController.swift in Sources */ = {isa = PBXBuildFile; fileRef = 4786CD362BF77D65009D4BD8 /* LeaguesTableViewController.swift */; };
		478E64FB2C026C5C00D2ECF9 /* FavViewModel.swift in Sources */ = {isa = PBXBuildFile; fileRef = 478E64FA2C026C5B00D2ECF9 /* FavViewModel.swift */; };
		4793D77B2BF7DE03007A84A8 /* TableViewCell.swift in Sources */ = {isa = PBXBuildFile; fileRef = 4793D77A2BF7DE03007A84A8 /* TableViewCell.swift */; };
		47A0EA2C2BF6D74000158DD0 /* FavTableViewController.swift in Sources */ = {isa = PBXBuildFile; fileRef = 47A0EA2B2BF6D74000158DD0 /* FavTableViewController.swift */; };
		47ADF1732BFE8CE7007D192F /* Events.swift in Sources */ = {isa = PBXBuildFile; fileRef = 47ADF1722BFE8CE7007D192F /* Events.swift */; };
		47BA91082BFA8118008FED0F /* Leagues.swift in Sources */ = {isa = PBXBuildFile; fileRef = 47BA91072BFA8117008FED0F /* Leagues.swift */; };
		47BA910D2BFA9F5F008FED0F /* LeaguesViewModel.swift in Sources */ = {isa = PBXBuildFile; fileRef = 47BA910C2BFA9F5F008FED0F /* LeaguesViewModel.swift */; };
		47C67DAD2BF80BE300046002 /* FavTableViewCell.swift in Sources */ = {isa = PBXBuildFile; fileRef = 47C67DAC2BF80BE300046002 /* FavTableViewCell.swift */; };
		47D42A232BF6986D007E83C4 /* HomeCollectionViewCell.swift in Sources */ = {isa = PBXBuildFile; fileRef = 47D42A222BF6986D007E83C4 /* HomeCollectionViewCell.swift */; };
		6C0B8FCBDCF44F326E2C9CE0 /* Pods_SportsAppTests.framework in Frameworks */ = {isa = PBXBuildFile; fileRef = F9508E8960D0DE3C2C352981 /* Pods_SportsAppTests.framework */; };
		8FE5050C912A72547680EDA9 /* Pods_SportsApp.framework in Frameworks */ = {isa = PBXBuildFile; fileRef = EB03FFB9AA00892F6B762C31 /* Pods_SportsApp.framework */; };
/* End PBXBuildFile section */

/* Begin PBXContainerItemProxy section */
		472AE01B2BF537B4000C97FF /* PBXContainerItemProxy */ = {
			isa = PBXContainerItemProxy;
			containerPortal = 472ADFF92BF537B0000C97FF /* Project object */;
			proxyType = 1;
			remoteGlobalIDString = 472AE0002BF537B0000C97FF;
			remoteInfo = SportsApp;
		};
		472AE0252BF537B4000C97FF /* PBXContainerItemProxy */ = {
			isa = PBXContainerItemProxy;
			containerPortal = 472ADFF92BF537B0000C97FF /* Project object */;
			proxyType = 1;
			remoteGlobalIDString = 472AE0002BF537B0000C97FF;
			remoteInfo = SportsApp;
		};
/* End PBXContainerItemProxy section */

/* Begin PBXFileReference section */
		075E46E42BF543B70025A082 /* SecStoryboard.storyboard */ = {isa = PBXFileReference; lastKnownFileType = file.storyboard; path = SecStoryboard.storyboard; sourceTree = "<group>"; };
		07B606312BFBDA7500CB6B02 /* LeagueTeamsResponse.swift */ = {isa = PBXFileReference; fileEncoding = 4; lastKnownFileType = sourcecode.swift; path = LeagueTeamsResponse.swift; sourceTree = "<group>"; };
		07CF75A52BF7C19800731DC3 /* LeaguesDetailsCollectionViewController.swift */ = {isa = PBXFileReference; lastKnownFileType = sourcecode.swift; path = LeaguesDetailsCollectionViewController.swift; sourceTree = "<group>"; };
		07CF75AB2BF7E8AA00731DC3 /* LeaguesTeamsCellCollectionViewCell.swift */ = {isa = PBXFileReference; lastKnownFileType = sourcecode.swift; path = LeaguesTeamsCellCollectionViewCell.swift; sourceTree = "<group>"; };
		07CF75AC2BF7E8AA00731DC3 /* LeaguesTeamsCellCollectionViewCell.xib */ = {isa = PBXFileReference; lastKnownFileType = file.xib; path = LeaguesTeamsCellCollectionViewCell.xib; sourceTree = "<group>"; };
		07CF75AF2BF7FFD100731DC3 /* SectionHeaderView.swift */ = {isa = PBXFileReference; lastKnownFileType = sourcecode.swift; path = SectionHeaderView.swift; sourceTree = "<group>"; };
		07CF75B12BF8A1C100731DC3 /* TeamDetailsTopSectionCollectionViewCell.swift */ = {isa = PBXFileReference; lastKnownFileType = sourcecode.swift; path = TeamDetailsTopSectionCollectionViewCell.swift; sourceTree = "<group>"; };
		07CF75B22BF8A1C100731DC3 /* TeamDetailsTopSectionCollectionViewCell.xib */ = {isa = PBXFileReference; lastKnownFileType = file.xib; path = TeamDetailsTopSectionCollectionViewCell.xib; sourceTree = "<group>"; };
		07CF75B52BF8A37000731DC3 /* TeamDetailsBottomSectionCollectionViewCell.swift */ = {isa = PBXFileReference; lastKnownFileType = sourcecode.swift; path = TeamDetailsBottomSectionCollectionViewCell.swift; sourceTree = "<group>"; };
		07CF75B62BF8A37000731DC3 /* TeamDetailsBottomSectionCollectionViewCell.xib */ = {isa = PBXFileReference; lastKnownFileType = file.xib; path = TeamDetailsBottomSectionCollectionViewCell.xib; sourceTree = "<group>"; };
		07CF75B92BF8A71200731DC3 /* TeamDetailCollectionViewController.swift */ = {isa = PBXFileReference; lastKnownFileType = sourcecode.swift; path = TeamDetailCollectionViewController.swift; sourceTree = "<group>"; };
		07D0E9C42BF91694003F0DCC /* LeaguesUpCommingEventsCollectionViewCell.xib */ = {isa = PBXFileReference; fileEncoding = 4; lastKnownFileType = file.xib; path = LeaguesUpCommingEventsCollectionViewCell.xib; sourceTree = "<group>"; };
		07D0E9C52BF91694003F0DCC /* LeaguesUpCommingEventsCollectionViewCell.swift */ = {isa = PBXFileReference; fileEncoding = 4; lastKnownFileType = sourcecode.swift; path = LeaguesUpCommingEventsCollectionViewCell.swift; sourceTree = "<group>"; };
		07D0E9CD2BF920E2003F0DCC /* NetworkUtils.swift */ = {isa = PBXFileReference; lastKnownFileType = sourcecode.swift; path = NetworkUtils.swift; sourceTree = "<group>"; };
		07D0E9CF2BF92115003F0DCC /* Pojo.swift */ = {isa = PBXFileReference; lastKnownFileType = sourcecode.swift; path = Pojo.swift; sourceTree = "<group>"; };
		07D0E9D72BF9221E003F0DCC /* LeaguesDetailsViewModel.swift */ = {isa = PBXFileReference; lastKnownFileType = sourcecode.swift; path = LeaguesDetailsViewModel.swift; sourceTree = "<group>"; };
		07D73CFE2BFE7CF700DC5EA6 /* TeamDetailsResponse.swift */ = {isa = PBXFileReference; lastKnownFileType = sourcecode.swift; path = TeamDetailsResponse.swift; sourceTree = "<group>"; };
		07D99F1E2BFD4AA100E9DCE4 /* DbServices.swift */ = {isa = PBXFileReference; lastKnownFileType = sourcecode.swift; path = DbServices.swift; sourceTree = "<group>"; };
		07D99F292BFD54AF00E9DCE4 /* test.swift */ = {isa = PBXFileReference; lastKnownFileType = sourcecode.swift; path = test.swift; sourceTree = "<group>"; };
		07E157112BFFC86700FA8A7E /* ColorUtils.swift */ = {isa = PBXFileReference; lastKnownFileType = sourcecode.swift; path = ColorUtils.swift; sourceTree = "<group>"; };
		07E157132BFFE6E600FA8A7E /* TeamDetailsViewModel.swift */ = {isa = PBXFileReference; lastKnownFileType = sourcecode.swift; path = TeamDetailsViewModel.swift; sourceTree = "<group>"; };
		07F99B4B2C051C720005EC0E /* MokNetwork.swift */ = {isa = PBXFileReference; fileEncoding = 4; lastKnownFileType = sourcecode.swift; path = MokNetwork.swift; sourceTree = "<group>"; };
		07F99B4D2C0520FC0005EC0E /* NetworkServices.swift */ = {isa = PBXFileReference; lastKnownFileType = sourcecode.swift; path = NetworkServices.swift; sourceTree = "<group>"; };
		07F99B512C05317C0005EC0E /* NewCustomGreenColor.swift */ = {isa = PBXFileReference; lastKnownFileType = sourcecode.swift; path = NewCustomGreenColor.swift; sourceTree = "<group>"; };
		0EDE2F6250843695AB1BEEA2 /* Pods-SportsApp-SportsAppUITests.debug.xcconfig */ = {isa = PBXFileReference; includeInIndex = 1; lastKnownFileType = text.xcconfig; name = "Pods-SportsApp-SportsAppUITests.debug.xcconfig"; path = "Target Support Files/Pods-SportsApp-SportsAppUITests/Pods-SportsApp-SportsAppUITests.debug.xcconfig"; sourceTree = "<group>"; };
		168A021EBFD3253A9D162A03 /* Pods-SportsApp-SportsAppUITests.release.xcconfig */ = {isa = PBXFileReference; includeInIndex = 1; lastKnownFileType = text.xcconfig; name = "Pods-SportsApp-SportsAppUITests.release.xcconfig"; path = "Target Support Files/Pods-SportsApp-SportsAppUITests/Pods-SportsApp-SportsAppUITests.release.xcconfig"; sourceTree = "<group>"; };
		472AE0012BF537B0000C97FF /* SportsApp.app */ = {isa = PBXFileReference; explicitFileType = wrapper.application; includeInIndex = 0; path = SportsApp.app; sourceTree = BUILT_PRODUCTS_DIR; };
		472AE0042BF537B0000C97FF /* AppDelegate.swift */ = {isa = PBXFileReference; lastKnownFileType = sourcecode.swift; path = AppDelegate.swift; sourceTree = "<group>"; };
		472AE0062BF537B0000C97FF /* SceneDelegate.swift */ = {isa = PBXFileReference; lastKnownFileType = sourcecode.swift; path = SceneDelegate.swift; sourceTree = "<group>"; };
		472AE0082BF537B0000C97FF /* ViewController.swift */ = {isa = PBXFileReference; lastKnownFileType = sourcecode.swift; path = ViewController.swift; sourceTree = "<group>"; };
		472AE00B2BF537B0000C97FF /* Base */ = {isa = PBXFileReference; lastKnownFileType = file.storyboard; name = Base; path = Base.lproj/Main.storyboard; sourceTree = "<group>"; };
		472AE00E2BF537B0000C97FF /* SportsApp.xcdatamodel */ = {isa = PBXFileReference; lastKnownFileType = wrapper.xcdatamodel; path = SportsApp.xcdatamodel; sourceTree = "<group>"; };
		472AE0102BF537B4000C97FF /* Assets.xcassets */ = {isa = PBXFileReference; lastKnownFileType = folder.assetcatalog; path = Assets.xcassets; sourceTree = "<group>"; };
		472AE0132BF537B4000C97FF /* Base */ = {isa = PBXFileReference; lastKnownFileType = file.storyboard; name = Base; path = Base.lproj/LaunchScreen.storyboard; sourceTree = "<group>"; };
		472AE0152BF537B4000C97FF /* Info.plist */ = {isa = PBXFileReference; lastKnownFileType = text.plist.xml; path = Info.plist; sourceTree = "<group>"; };
		472AE01A2BF537B4000C97FF /* SportsAppTests.xctest */ = {isa = PBXFileReference; explicitFileType = wrapper.cfbundle; includeInIndex = 0; path = SportsAppTests.xctest; sourceTree = BUILT_PRODUCTS_DIR; };
		472AE0242BF537B4000C97FF /* SportsAppUITests.xctest */ = {isa = PBXFileReference; explicitFileType = wrapper.cfbundle; includeInIndex = 0; path = SportsAppUITests.xctest; sourceTree = BUILT_PRODUCTS_DIR; };
		472AE0282BF537B4000C97FF /* SportsAppUITests.swift */ = {isa = PBXFileReference; lastKnownFileType = sourcecode.swift; path = SportsAppUITests.swift; sourceTree = "<group>"; };
		472AE02A2BF537B4000C97FF /* SportsAppUITestsLaunchTests.swift */ = {isa = PBXFileReference; lastKnownFileType = sourcecode.swift; path = SportsAppUITestsLaunchTests.swift; sourceTree = "<group>"; };
		4786CD362BF77D65009D4BD8 /* LeaguesTableViewController.swift */ = {isa = PBXFileReference; lastKnownFileType = sourcecode.swift; path = LeaguesTableViewController.swift; sourceTree = "<group>"; };
		478E64FA2C026C5B00D2ECF9 /* FavViewModel.swift */ = {isa = PBXFileReference; lastKnownFileType = sourcecode.swift; path = FavViewModel.swift; sourceTree = "<group>"; };
		4793D77A2BF7DE03007A84A8 /* TableViewCell.swift */ = {isa = PBXFileReference; lastKnownFileType = sourcecode.swift; path = TableViewCell.swift; sourceTree = "<group>"; };
		47A0EA2B2BF6D74000158DD0 /* FavTableViewController.swift */ = {isa = PBXFileReference; lastKnownFileType = sourcecode.swift; path = FavTableViewController.swift; sourceTree = "<group>"; };
		47ADF1722BFE8CE7007D192F /* Events.swift */ = {isa = PBXFileReference; lastKnownFileType = sourcecode.swift; path = Events.swift; sourceTree = "<group>"; };
		47BA91072BFA8117008FED0F /* Leagues.swift */ = {isa = PBXFileReference; lastKnownFileType = sourcecode.swift; path = Leagues.swift; sourceTree = "<group>"; };
		47BA910C2BFA9F5F008FED0F /* LeaguesViewModel.swift */ = {isa = PBXFileReference; lastKnownFileType = sourcecode.swift; path = LeaguesViewModel.swift; sourceTree = "<group>"; };
		47C67DAC2BF80BE300046002 /* FavTableViewCell.swift */ = {isa = PBXFileReference; lastKnownFileType = sourcecode.swift; path = FavTableViewCell.swift; sourceTree = "<group>"; };
		47D42A222BF6986D007E83C4 /* HomeCollectionViewCell.swift */ = {isa = PBXFileReference; lastKnownFileType = sourcecode.swift; path = HomeCollectionViewCell.swift; sourceTree = "<group>"; };
		689E511AE7070E26FF401654 /* Pods-SportsApp.debug.xcconfig */ = {isa = PBXFileReference; includeInIndex = 1; lastKnownFileType = text.xcconfig; name = "Pods-SportsApp.debug.xcconfig"; path = "Target Support Files/Pods-SportsApp/Pods-SportsApp.debug.xcconfig"; sourceTree = "<group>"; };
		6C0F9DF8076972E3714F5A20 /* Pods-SportsAppTests.release.xcconfig */ = {isa = PBXFileReference; includeInIndex = 1; lastKnownFileType = text.xcconfig; name = "Pods-SportsAppTests.release.xcconfig"; path = "Target Support Files/Pods-SportsAppTests/Pods-SportsAppTests.release.xcconfig"; sourceTree = "<group>"; };
		80CF066E1D7D80F4B77C7D12 /* Pods-SportsApp.release.xcconfig */ = {isa = PBXFileReference; includeInIndex = 1; lastKnownFileType = text.xcconfig; name = "Pods-SportsApp.release.xcconfig"; path = "Target Support Files/Pods-SportsApp/Pods-SportsApp.release.xcconfig"; sourceTree = "<group>"; };
		84B306712C354524608859E1 /* Pods_SportsApp_SportsAppUITests.framework */ = {isa = PBXFileReference; explicitFileType = wrapper.framework; includeInIndex = 0; path = Pods_SportsApp_SportsAppUITests.framework; sourceTree = BUILT_PRODUCTS_DIR; };
		8C52CE043F0159844257ED80 /* Pods-SportsAppTests.debug.xcconfig */ = {isa = PBXFileReference; includeInIndex = 1; lastKnownFileType = text.xcconfig; name = "Pods-SportsAppTests.debug.xcconfig"; path = "Target Support Files/Pods-SportsAppTests/Pods-SportsAppTests.debug.xcconfig"; sourceTree = "<group>"; };
		EB03FFB9AA00892F6B762C31 /* Pods_SportsApp.framework */ = {isa = PBXFileReference; explicitFileType = wrapper.framework; includeInIndex = 0; path = Pods_SportsApp.framework; sourceTree = BUILT_PRODUCTS_DIR; };
		F9508E8960D0DE3C2C352981 /* Pods_SportsAppTests.framework */ = {isa = PBXFileReference; explicitFileType = wrapper.framework; includeInIndex = 0; path = Pods_SportsAppTests.framework; sourceTree = BUILT_PRODUCTS_DIR; };
/* End PBXFileReference section */

/* Begin PBXFrameworksBuildPhase section */
		472ADFFE2BF537B0000C97FF /* Frameworks */ = {
			isa = PBXFrameworksBuildPhase;
			buildActionMask = 2147483647;
			files = (
				8FE5050C912A72547680EDA9 /* Pods_SportsApp.framework in Frameworks */,
			);
			runOnlyForDeploymentPostprocessing = 0;
		};
		472AE0172BF537B4000C97FF /* Frameworks */ = {
			isa = PBXFrameworksBuildPhase;
			buildActionMask = 2147483647;
			files = (
				6C0B8FCBDCF44F326E2C9CE0 /* Pods_SportsAppTests.framework in Frameworks */,
			);
			runOnlyForDeploymentPostprocessing = 0;
		};
		472AE0212BF537B4000C97FF /* Frameworks */ = {
			isa = PBXFrameworksBuildPhase;
			buildActionMask = 2147483647;
			files = (
				0DD5207BE452B94D78EB0CFE /* Pods_SportsApp_SportsAppUITests.framework in Frameworks */,
			);
			runOnlyForDeploymentPostprocessing = 0;
		};
/* End PBXFrameworksBuildPhase section */

/* Begin PBXGroup section */
		075E46E32BF5434D0025A082 /* Views */ = {
			isa = PBXGroup;
			children = (
				075E46E42BF543B70025A082 /* SecStoryboard.storyboard */,
				472AE00A2BF537B0000C97FF /* Main.storyboard */,
				07CF75AB2BF7E8AA00731DC3 /* LeaguesTeamsCellCollectionViewCell.swift */,
				07CF75AC2BF7E8AA00731DC3 /* LeaguesTeamsCellCollectionViewCell.xib */,
			);
			path = Views;
			sourceTree = "<group>";
		};
		07D0E9C82BF91FBA003F0DCC /* Model */ = {
			isa = PBXGroup;
			children = (
				07B606312BFBDA7500CB6B02 /* LeagueTeamsResponse.swift */,
				07D0E9CF2BF92115003F0DCC /* Pojo.swift */,
				47BA91072BFA8117008FED0F /* Leagues.swift */,
				47ADF1722BFE8CE7007D192F /* Events.swift */,
				07D73CFE2BFE7CF700DC5EA6 /* TeamDetailsResponse.swift */,
			);
			path = Model;
			sourceTree = "<group>";
		};
		07D0E9CC2BF920A1003F0DCC /* Utilities */ = {
			isa = PBXGroup;
			children = (
				07D0E9CD2BF920E2003F0DCC /* NetworkUtils.swift */,
				07E157112BFFC86700FA8A7E /* ColorUtils.swift */,
				07F99B512C05317C0005EC0E /* NewCustomGreenColor.swift */,
			);
			path = Utilities;
			sourceTree = "<group>";
		};
		07D0E9D12BF9213F003F0DCC /* Modules */ = {
			isa = PBXGroup;
			children = (
				471DA9942BFFF1BD0079E491 /* Favorite */,
				471DA9922BFFF1410079E491 /* Home */,
				07D73D002BFE7F7A00DC5EA6 /* TeamDetails */,
				47BA91092BFA8CAC008FED0F /* Leagues */,
				07D0E9D22BF9215A003F0DCC /* LeagueDetails */,
			);
			path = Modules;
			sourceTree = "<group>";
		};
		07D0E9D22BF9215A003F0DCC /* LeagueDetails */ = {
			isa = PBXGroup;
			children = (
				07D0E9D62BF921E4003F0DCC /* ViewModel */,
				07D0E9D32BF92169003F0DCC /* Views */,
			);
			path = LeagueDetails;
			sourceTree = "<group>";
		};
		07D0E9D32BF92169003F0DCC /* Views */ = {
			isa = PBXGroup;
			children = (
				07CF75A52BF7C19800731DC3 /* LeaguesDetailsCollectionViewController.swift */,
				07D0E9C52BF91694003F0DCC /* LeaguesUpCommingEventsCollectionViewCell.swift */,
				07D0E9C42BF91694003F0DCC /* LeaguesUpCommingEventsCollectionViewCell.xib */,
			);
			path = Views;
			sourceTree = "<group>";
		};
		07D0E9D62BF921E4003F0DCC /* ViewModel */ = {
			isa = PBXGroup;
			children = (
				07D0E9D72BF9221E003F0DCC /* LeaguesDetailsViewModel.swift */,
			);
			path = ViewModel;
			sourceTree = "<group>";
		};
		07D73D002BFE7F7A00DC5EA6 /* TeamDetails */ = {
			isa = PBXGroup;
			children = (
				07D73D022BFE7F9D00DC5EA6 /* ViewModel */,
				07D73D012BFE7F9100DC5EA6 /* View */,
			);
			path = TeamDetails;
			sourceTree = "<group>";
		};
		07D73D012BFE7F9100DC5EA6 /* View */ = {
			isa = PBXGroup;
			children = (
				07CF75B12BF8A1C100731DC3 /* TeamDetailsTopSectionCollectionViewCell.swift */,
				07CF75B22BF8A1C100731DC3 /* TeamDetailsTopSectionCollectionViewCell.xib */,
				07CF75B52BF8A37000731DC3 /* TeamDetailsBottomSectionCollectionViewCell.swift */,
				07CF75B62BF8A37000731DC3 /* TeamDetailsBottomSectionCollectionViewCell.xib */,
				07CF75B92BF8A71200731DC3 /* TeamDetailCollectionViewController.swift */,
			);
			path = View;
			sourceTree = "<group>";
		};
		07D73D022BFE7F9D00DC5EA6 /* ViewModel */ = {
			isa = PBXGroup;
			children = (
				07E157132BFFE6E600FA8A7E /* TeamDetailsViewModel.swift */,
			);
			path = ViewModel;
			sourceTree = "<group>";
		};
		07D99F1B2BFD445900E9DCE4 /* Services */ = {
			isa = PBXGroup;
			children = (
				07D99F1E2BFD4AA100E9DCE4 /* DbServices.swift */,
				07D99F292BFD54AF00E9DCE4 /* test.swift */,
				07F99B4D2C0520FC0005EC0E /* NetworkServices.swift */,
			);
			path = Services;
			sourceTree = "<group>";
		};
		31710FFCAC861C793C450F97 /* Frameworks */ = {
			isa = PBXGroup;
			children = (
				EB03FFB9AA00892F6B762C31 /* Pods_SportsApp.framework */,
				84B306712C354524608859E1 /* Pods_SportsApp_SportsAppUITests.framework */,
				F9508E8960D0DE3C2C352981 /* Pods_SportsAppTests.framework */,
			);
			name = Frameworks;
			sourceTree = "<group>";
		};
		471DA9922BFFF1410079E491 /* Home */ = {
			isa = PBXGroup;
			children = (
				471DA9932BFFF1570079E491 /* View */,
			);
			path = Home;
			sourceTree = "<group>";
		};
		471DA9932BFFF1570079E491 /* View */ = {
			isa = PBXGroup;
			children = (
				472AE0082BF537B0000C97FF /* ViewController.swift */,
				47D42A222BF6986D007E83C4 /* HomeCollectionViewCell.swift */,
			);
			path = View;
			sourceTree = "<group>";
		};
		471DA9942BFFF1BD0079E491 /* Favorite */ = {
			isa = PBXGroup;
			children = (
				478E64F92C026C0D00D2ECF9 /* ViewModel */,
				471DA9952BFFF1CF0079E491 /* View */,
			);
			path = Favorite;
			sourceTree = "<group>";
		};
		471DA9952BFFF1CF0079E491 /* View */ = {
			isa = PBXGroup;
			children = (
				47A0EA2B2BF6D74000158DD0 /* FavTableViewController.swift */,
				47C67DAC2BF80BE300046002 /* FavTableViewCell.swift */,
			);
			path = View;
			sourceTree = "<group>";
		};
		472ADFF82BF537B0000C97FF = {
			isa = PBXGroup;
			children = (
				472AE0032BF537B0000C97FF /* SportsApp */,
				472AE01D2BF537B4000C97FF /* SportsAppTests */,
				472AE0272BF537B4000C97FF /* SportsAppUITests */,
				472AE0022BF537B0000C97FF /* Products */,
				7FA92E4826DAA6E3F19698F3 /* Pods */,
				31710FFCAC861C793C450F97 /* Frameworks */,
			);
			sourceTree = "<group>";
		};
		472AE0022BF537B0000C97FF /* Products */ = {
			isa = PBXGroup;
			children = (
				472AE0012BF537B0000C97FF /* SportsApp.app */,
				472AE01A2BF537B4000C97FF /* SportsAppTests.xctest */,
				472AE0242BF537B4000C97FF /* SportsAppUITests.xctest */,
			);
			name = Products;
			sourceTree = "<group>";
		};
		472AE0032BF537B0000C97FF /* SportsApp */ = {
			isa = PBXGroup;
			children = (
				07D99F1B2BFD445900E9DCE4 /* Services */,
				07D0E9D12BF9213F003F0DCC /* Modules */,
				07D0E9CC2BF920A1003F0DCC /* Utilities */,
				07D0E9C82BF91FBA003F0DCC /* Model */,
				075E46E32BF5434D0025A082 /* Views */,
				472AE0042BF537B0000C97FF /* AppDelegate.swift */,
				472AE0062BF537B0000C97FF /* SceneDelegate.swift */,
				472AE0102BF537B4000C97FF /* Assets.xcassets */,
				472AE0122BF537B4000C97FF /* LaunchScreen.storyboard */,
				472AE0152BF537B4000C97FF /* Info.plist */,
				472AE00D2BF537B0000C97FF /* SportsApp.xcdatamodeld */,
				07CF75AF2BF7FFD100731DC3 /* SectionHeaderView.swift */,
			);
			path = SportsApp;
			sourceTree = "<group>";
		};
		472AE01D2BF537B4000C97FF /* SportsAppTests */ = {
			isa = PBXGroup;
			children = (
				07F99B4B2C051C720005EC0E /* MokNetwork.swift */,
			);
			path = SportsAppTests;
			sourceTree = "<group>";
		};
		472AE0272BF537B4000C97FF /* SportsAppUITests */ = {
			isa = PBXGroup;
			children = (
				472AE0282BF537B4000C97FF /* SportsAppUITests.swift */,
				472AE02A2BF537B4000C97FF /* SportsAppUITestsLaunchTests.swift */,
			);
			path = SportsAppUITests;
			sourceTree = "<group>";
		};
		478E64F92C026C0D00D2ECF9 /* ViewModel */ = {
			isa = PBXGroup;
			children = (
				478E64FA2C026C5B00D2ECF9 /* FavViewModel.swift */,
			);
			path = ViewModel;
			sourceTree = "<group>";
		};
		47BA91092BFA8CAC008FED0F /* Leagues */ = {
			isa = PBXGroup;
			children = (
				47BA910B2BFA8CCB008FED0F /* ViewModel */,
				47BA910A2BFA8CBE008FED0F /* View */,
			);
			path = Leagues;
			sourceTree = "<group>";
		};
		47BA910A2BFA8CBE008FED0F /* View */ = {
			isa = PBXGroup;
			children = (
				4786CD362BF77D65009D4BD8 /* LeaguesTableViewController.swift */,
				4793D77A2BF7DE03007A84A8 /* TableViewCell.swift */,
			);
			path = View;
			sourceTree = "<group>";
		};
		47BA910B2BFA8CCB008FED0F /* ViewModel */ = {
			isa = PBXGroup;
			children = (
				47BA910C2BFA9F5F008FED0F /* LeaguesViewModel.swift */,
			);
			path = ViewModel;
			sourceTree = "<group>";
		};
		7FA92E4826DAA6E3F19698F3 /* Pods */ = {
			isa = PBXGroup;
			children = (
				689E511AE7070E26FF401654 /* Pods-SportsApp.debug.xcconfig */,
				80CF066E1D7D80F4B77C7D12 /* Pods-SportsApp.release.xcconfig */,
				0EDE2F6250843695AB1BEEA2 /* Pods-SportsApp-SportsAppUITests.debug.xcconfig */,
				168A021EBFD3253A9D162A03 /* Pods-SportsApp-SportsAppUITests.release.xcconfig */,
				8C52CE043F0159844257ED80 /* Pods-SportsAppTests.debug.xcconfig */,
				6C0F9DF8076972E3714F5A20 /* Pods-SportsAppTests.release.xcconfig */,
			);
			path = Pods;
			sourceTree = "<group>";
		};
/* End PBXGroup section */

/* Begin PBXNativeTarget section */
		472AE0002BF537B0000C97FF /* SportsApp */ = {
			isa = PBXNativeTarget;
			buildConfigurationList = 472AE02E2BF537B4000C97FF /* Build configuration list for PBXNativeTarget "SportsApp" */;
			buildPhases = (
				F1FB21D2776C057BB5A29E2F /* [CP] Check Pods Manifest.lock */,
				472ADFFD2BF537B0000C97FF /* Sources */,
				472ADFFE2BF537B0000C97FF /* Frameworks */,
				472ADFFF2BF537B0000C97FF /* Resources */,
				F58D8A9A48B02AAC07B507C1 /* [CP] Embed Pods Frameworks */,
			);
			buildRules = (
			);
			dependencies = (
			);
			name = SportsApp;
			productName = SportsApp;
			productReference = 472AE0012BF537B0000C97FF /* SportsApp.app */;
			productType = "com.apple.product-type.application";
		};
		472AE0192BF537B4000C97FF /* SportsAppTests */ = {
			isa = PBXNativeTarget;
			buildConfigurationList = 472AE0312BF537B4000C97FF /* Build configuration list for PBXNativeTarget "SportsAppTests" */;
			buildPhases = (
				88335428D1F294E9FE69F598 /* [CP] Check Pods Manifest.lock */,
				472AE0162BF537B4000C97FF /* Sources */,
				472AE0172BF537B4000C97FF /* Frameworks */,
				472AE0182BF537B4000C97FF /* Resources */,
			);
			buildRules = (
			);
			dependencies = (
				472AE01C2BF537B4000C97FF /* PBXTargetDependency */,
			);
			name = SportsAppTests;
			productName = SportsAppTests;
			productReference = 472AE01A2BF537B4000C97FF /* SportsAppTests.xctest */;
			productType = "com.apple.product-type.bundle.unit-test";
		};
		472AE0232BF537B4000C97FF /* SportsAppUITests */ = {
			isa = PBXNativeTarget;
			buildConfigurationList = 472AE0342BF537B4000C97FF /* Build configuration list for PBXNativeTarget "SportsAppUITests" */;
			buildPhases = (
				D2DA2E27ECCE6544945C88FB /* [CP] Check Pods Manifest.lock */,
				472AE0202BF537B4000C97FF /* Sources */,
				472AE0212BF537B4000C97FF /* Frameworks */,
				472AE0222BF537B4000C97FF /* Resources */,
				8AED52F6E18807FD63157AB6 /* [CP] Embed Pods Frameworks */,
			);
			buildRules = (
			);
			dependencies = (
				472AE0262BF537B4000C97FF /* PBXTargetDependency */,
			);
			name = SportsAppUITests;
			productName = SportsAppUITests;
			productReference = 472AE0242BF537B4000C97FF /* SportsAppUITests.xctest */;
			productType = "com.apple.product-type.bundle.ui-testing";
		};
/* End PBXNativeTarget section */

/* Begin PBXProject section */
		472ADFF92BF537B0000C97FF /* Project object */ = {
			isa = PBXProject;
			attributes = {
				BuildIndependentTargetsInParallel = 1;
				LastSwiftUpdateCheck = 1520;
				LastUpgradeCheck = 1520;
				TargetAttributes = {
					472AE0002BF537B0000C97FF = {
						CreatedOnToolsVersion = 15.2;
					};
					472AE0192BF537B4000C97FF = {
						CreatedOnToolsVersion = 15.2;
						TestTargetID = 472AE0002BF537B0000C97FF;
					};
					472AE0232BF537B4000C97FF = {
						CreatedOnToolsVersion = 15.2;
						TestTargetID = 472AE0002BF537B0000C97FF;
					};
				};
			};
			buildConfigurationList = 472ADFFC2BF537B0000C97FF /* Build configuration list for PBXProject "SportsApp" */;
			compatibilityVersion = "Xcode 14.0";
			developmentRegion = en;
			hasScannedForEncodings = 0;
			knownRegions = (
				en,
				Base,
			);
			mainGroup = 472ADFF82BF537B0000C97FF;
			productRefGroup = 472AE0022BF537B0000C97FF /* Products */;
			projectDirPath = "";
			projectRoot = "";
			targets = (
				472AE0002BF537B0000C97FF /* SportsApp */,
				472AE0192BF537B4000C97FF /* SportsAppTests */,
				472AE0232BF537B4000C97FF /* SportsAppUITests */,
			);
		};
/* End PBXProject section */

/* Begin PBXResourcesBuildPhase section */
		472ADFFF2BF537B0000C97FF /* Resources */ = {
			isa = PBXResourcesBuildPhase;
			buildActionMask = 2147483647;
			files = (
				07CF75AD2BF7E8AA00731DC3 /* LeaguesTeamsCellCollectionViewCell.xib in Resources */,
				472AE0142BF537B4000C97FF /* LaunchScreen.storyboard in Resources */,
				07CF75B32BF8A1C200731DC3 /* TeamDetailsTopSectionCollectionViewCell.xib in Resources */,
				472AE0112BF537B4000C97FF /* Assets.xcassets in Resources */,
				07CF75B72BF8A37000731DC3 /* TeamDetailsBottomSectionCollectionViewCell.xib in Resources */,
				472AE00C2BF537B0000C97FF /* Main.storyboard in Resources */,
				07D0E9C62BF91694003F0DCC /* LeaguesUpCommingEventsCollectionViewCell.xib in Resources */,
				075E46E52BF543B70025A082 /* SecStoryboard.storyboard in Resources */,
			);
			runOnlyForDeploymentPostprocessing = 0;
		};
		472AE0182BF537B4000C97FF /* Resources */ = {
			isa = PBXResourcesBuildPhase;
			buildActionMask = 2147483647;
			files = (
				075E46E62BF543B70025A082 /* SecStoryboard.storyboard in Resources */,
			);
			runOnlyForDeploymentPostprocessing = 0;
		};
		472AE0222BF537B4000C97FF /* Resources */ = {
			isa = PBXResourcesBuildPhase;
			buildActionMask = 2147483647;
			files = (
				075E46E72BF543B70025A082 /* SecStoryboard.storyboard in Resources */,
			);
			runOnlyForDeploymentPostprocessing = 0;
		};
/* End PBXResourcesBuildPhase section */

/* Begin PBXShellScriptBuildPhase section */
		88335428D1F294E9FE69F598 /* [CP] Check Pods Manifest.lock */ = {
			isa = PBXShellScriptBuildPhase;
			buildActionMask = 2147483647;
			files = (
			);
			inputFileListPaths = (
			);
			inputPaths = (
				"${PODS_PODFILE_DIR_PATH}/Podfile.lock",
				"${PODS_ROOT}/Manifest.lock",
			);
			name = "[CP] Check Pods Manifest.lock";
			outputFileListPaths = (
			);
			outputPaths = (
				"$(DERIVED_FILE_DIR)/Pods-SportsAppTests-checkManifestLockResult.txt",
			);
			runOnlyForDeploymentPostprocessing = 0;
			shellPath = /bin/sh;
			shellScript = "diff \"${PODS_PODFILE_DIR_PATH}/Podfile.lock\" \"${PODS_ROOT}/Manifest.lock\" > /dev/null\nif [ $? != 0 ] ; then\n    # print error to STDERR\n    echo \"error: The sandbox is not in sync with the Podfile.lock. Run 'pod install' or update your CocoaPods installation.\" >&2\n    exit 1\nfi\n# This output is used by Xcode 'outputs' to avoid re-running this script phase.\necho \"SUCCESS\" > \"${SCRIPT_OUTPUT_FILE_0}\"\n";
			showEnvVarsInLog = 0;
		};
		8AED52F6E18807FD63157AB6 /* [CP] Embed Pods Frameworks */ = {
			isa = PBXShellScriptBuildPhase;
			buildActionMask = 2147483647;
			files = (
			);
			inputFileListPaths = (
				"${PODS_ROOT}/Target Support Files/Pods-SportsApp-SportsAppUITests/Pods-SportsApp-SportsAppUITests-frameworks-${CONFIGURATION}-input-files.xcfilelist",
			);
			name = "[CP] Embed Pods Frameworks";
			outputFileListPaths = (
				"${PODS_ROOT}/Target Support Files/Pods-SportsApp-SportsAppUITests/Pods-SportsApp-SportsAppUITests-frameworks-${CONFIGURATION}-output-files.xcfilelist",
			);
			runOnlyForDeploymentPostprocessing = 0;
			shellPath = /bin/sh;
			shellScript = "\"${PODS_ROOT}/Target Support Files/Pods-SportsApp-SportsAppUITests/Pods-SportsApp-SportsAppUITests-frameworks.sh\"\n";
			showEnvVarsInLog = 0;
		};
		D2DA2E27ECCE6544945C88FB /* [CP] Check Pods Manifest.lock */ = {
			isa = PBXShellScriptBuildPhase;
			buildActionMask = 2147483647;
			files = (
			);
			inputFileListPaths = (
			);
			inputPaths = (
				"${PODS_PODFILE_DIR_PATH}/Podfile.lock",
				"${PODS_ROOT}/Manifest.lock",
			);
			name = "[CP] Check Pods Manifest.lock";
			outputFileListPaths = (
			);
			outputPaths = (
				"$(DERIVED_FILE_DIR)/Pods-SportsApp-SportsAppUITests-checkManifestLockResult.txt",
			);
			runOnlyForDeploymentPostprocessing = 0;
			shellPath = /bin/sh;
			shellScript = "diff \"${PODS_PODFILE_DIR_PATH}/Podfile.lock\" \"${PODS_ROOT}/Manifest.lock\" > /dev/null\nif [ $? != 0 ] ; then\n    # print error to STDERR\n    echo \"error: The sandbox is not in sync with the Podfile.lock. Run 'pod install' or update your CocoaPods installation.\" >&2\n    exit 1\nfi\n# This output is used by Xcode 'outputs' to avoid re-running this script phase.\necho \"SUCCESS\" > \"${SCRIPT_OUTPUT_FILE_0}\"\n";
			showEnvVarsInLog = 0;
		};
		F1FB21D2776C057BB5A29E2F /* [CP] Check Pods Manifest.lock */ = {
			isa = PBXShellScriptBuildPhase;
			buildActionMask = 2147483647;
			files = (
			);
			inputFileListPaths = (
			);
			inputPaths = (
				"${PODS_PODFILE_DIR_PATH}/Podfile.lock",
				"${PODS_ROOT}/Manifest.lock",
			);
			name = "[CP] Check Pods Manifest.lock";
			outputFileListPaths = (
			);
			outputPaths = (
				"$(DERIVED_FILE_DIR)/Pods-SportsApp-checkManifestLockResult.txt",
			);
			runOnlyForDeploymentPostprocessing = 0;
			shellPath = /bin/sh;
			shellScript = "diff \"${PODS_PODFILE_DIR_PATH}/Podfile.lock\" \"${PODS_ROOT}/Manifest.lock\" > /dev/null\nif [ $? != 0 ] ; then\n    # print error to STDERR\n    echo \"error: The sandbox is not in sync with the Podfile.lock. Run 'pod install' or update your CocoaPods installation.\" >&2\n    exit 1\nfi\n# This output is used by Xcode 'outputs' to avoid re-running this script phase.\necho \"SUCCESS\" > \"${SCRIPT_OUTPUT_FILE_0}\"\n";
			showEnvVarsInLog = 0;
		};
		F58D8A9A48B02AAC07B507C1 /* [CP] Embed Pods Frameworks */ = {
			isa = PBXShellScriptBuildPhase;
			buildActionMask = 2147483647;
			files = (
			);
			inputFileListPaths = (
				"${PODS_ROOT}/Target Support Files/Pods-SportsApp/Pods-SportsApp-frameworks-${CONFIGURATION}-input-files.xcfilelist",
			);
			name = "[CP] Embed Pods Frameworks";
			outputFileListPaths = (
				"${PODS_ROOT}/Target Support Files/Pods-SportsApp/Pods-SportsApp-frameworks-${CONFIGURATION}-output-files.xcfilelist",
			);
			runOnlyForDeploymentPostprocessing = 0;
			shellPath = /bin/sh;
			shellScript = "\"${PODS_ROOT}/Target Support Files/Pods-SportsApp/Pods-SportsApp-frameworks.sh\"\n";
			showEnvVarsInLog = 0;
		};
/* End PBXShellScriptBuildPhase section */

/* Begin PBXSourcesBuildPhase section */
		472ADFFD2BF537B0000C97FF /* Sources */ = {
			isa = PBXSourcesBuildPhase;
			buildActionMask = 2147483647;
			files = (
				07E157122BFFC86700FA8A7E /* ColorUtils.swift in Sources */,
				47D42A232BF6986D007E83C4 /* HomeCollectionViewCell.swift in Sources */,
				4793D77B2BF7DE03007A84A8 /* TableViewCell.swift in Sources */,
				472AE0092BF537B0000C97FF /* ViewController.swift in Sources */,
				47BA91082BFA8118008FED0F /* Leagues.swift in Sources */,
				07CF75A62BF7C19800731DC3 /* LeaguesDetailsCollectionViewController.swift in Sources */,
				07D0E9CE2BF920E2003F0DCC /* NetworkUtils.swift in Sources */,
				47ADF1732BFE8CE7007D192F /* Events.swift in Sources */,
				07F99B522C05317C0005EC0E /* NewCustomGreenColor.swift in Sources */,
				07D99F2A2BFD54AF00E9DCE4 /* test.swift in Sources */,
				472AE0052BF537B0000C97FF /* AppDelegate.swift in Sources */,
				07F99B4E2C0520FC0005EC0E /* NetworkServices.swift in Sources */,
				07CF75B02BF7FFD100731DC3 /* SectionHeaderView.swift in Sources */,
				07CF75BA2BF8A71200731DC3 /* TeamDetailCollectionViewController.swift in Sources */,
				472AE00F2BF537B0000C97FF /* SportsApp.xcdatamodeld in Sources */,
				07CF75AE2BF7E8AA00731DC3 /* LeaguesTeamsCellCollectionViewCell.swift in Sources */,
				07CF75B82BF8A37000731DC3 /* TeamDetailsBottomSectionCollectionViewCell.swift in Sources */,
				07D0E9C72BF91694003F0DCC /* LeaguesUpCommingEventsCollectionViewCell.swift in Sources */,
				07D99F1F2BFD4AA100E9DCE4 /* DbServices.swift in Sources */,
				07D0E9D82BF9221E003F0DCC /* LeaguesDetailsViewModel.swift in Sources */,
				47BA910D2BFA9F5F008FED0F /* LeaguesViewModel.swift in Sources */,
				07D73CFF2BFE7CF700DC5EA6 /* TeamDetailsResponse.swift in Sources */,
				07E157142BFFE6E600FA8A7E /* TeamDetailsViewModel.swift in Sources */,
				07CF75B42BF8A1C200731DC3 /* TeamDetailsTopSectionCollectionViewCell.swift in Sources */,
				07D0E9D02BF92115003F0DCC /* Pojo.swift in Sources */,
				478E64FB2C026C5C00D2ECF9 /* FavViewModel.swift in Sources */,
				47C67DAD2BF80BE300046002 /* FavTableViewCell.swift in Sources */,
				07B606322BFBDA7500CB6B02 /* LeagueTeamsResponse.swift in Sources */,
				472AE0072BF537B0000C97FF /* SceneDelegate.swift in Sources */,
				47A0EA2C2BF6D74000158DD0 /* FavTableViewController.swift in Sources */,
				4786CD372BF77D65009D4BD8 /* LeaguesTableViewController.swift in Sources */,
			);
			runOnlyForDeploymentPostprocessing = 0;
		};
		472AE0162BF537B4000C97FF /* Sources */ = {
			isa = PBXSourcesBuildPhase;
			buildActionMask = 2147483647;
			files = (
				07F99B4C2C051C720005EC0E /* MokNetwork.swift in Sources */,
				07D99F2B2BFD54AF00E9DCE4 /* test.swift in Sources */,
				07D0E9D42BF921CC003F0DCC /* LeaguesTeamsCellCollectionViewCell.swift in Sources */,
			);
			runOnlyForDeploymentPostprocessing = 0;
		};
		472AE0202BF537B4000C97FF /* Sources */ = {
			isa = PBXSourcesBuildPhase;
			buildActionMask = 2147483647;
			files = (
				472AE0292BF537B4000C97FF /* SportsAppUITests.swift in Sources */,
				07D0E9D52BF921CC003F0DCC /* LeaguesTeamsCellCollectionViewCell.swift in Sources */,
				07D99F2C2BFD54AF00E9DCE4 /* test.swift in Sources */,
				472AE02B2BF537B4000C97FF /* SportsAppUITestsLaunchTests.swift in Sources */,
			);
			runOnlyForDeploymentPostprocessing = 0;
		};
/* End PBXSourcesBuildPhase section */

/* Begin PBXTargetDependency section */
		472AE01C2BF537B4000C97FF /* PBXTargetDependency */ = {
			isa = PBXTargetDependency;
			target = 472AE0002BF537B0000C97FF /* SportsApp */;
			targetProxy = 472AE01B2BF537B4000C97FF /* PBXContainerItemProxy */;
		};
		472AE0262BF537B4000C97FF /* PBXTargetDependency */ = {
			isa = PBXTargetDependency;
			target = 472AE0002BF537B0000C97FF /* SportsApp */;
			targetProxy = 472AE0252BF537B4000C97FF /* PBXContainerItemProxy */;
		};
/* End PBXTargetDependency section */

/* Begin PBXVariantGroup section */
		472AE00A2BF537B0000C97FF /* Main.storyboard */ = {
			isa = PBXVariantGroup;
			children = (
				472AE00B2BF537B0000C97FF /* Base */,
			);
			name = Main.storyboard;
			sourceTree = "<group>";
		};
		472AE0122BF537B4000C97FF /* LaunchScreen.storyboard */ = {
			isa = PBXVariantGroup;
			children = (
				472AE0132BF537B4000C97FF /* Base */,
			);
			name = LaunchScreen.storyboard;
			sourceTree = "<group>";
		};
/* End PBXVariantGroup section */

/* Begin XCBuildConfiguration section */
		472AE02C2BF537B4000C97FF /* Debug */ = {
			isa = XCBuildConfiguration;
			buildSettings = {
				ALWAYS_SEARCH_USER_PATHS = NO;
				ASSETCATALOG_COMPILER_GENERATE_SWIFT_ASSET_SYMBOL_EXTENSIONS = YES;
				CLANG_ANALYZER_NONNULL = YES;
				CLANG_ANALYZER_NUMBER_OBJECT_CONVERSION = YES_AGGRESSIVE;
				CLANG_CXX_LANGUAGE_STANDARD = "gnu++20";
				CLANG_ENABLE_MODULES = YES;
				CLANG_ENABLE_OBJC_ARC = YES;
				CLANG_ENABLE_OBJC_WEAK = YES;
				CLANG_WARN_BLOCK_CAPTURE_AUTORELEASING = YES;
				CLANG_WARN_BOOL_CONVERSION = YES;
				CLANG_WARN_COMMA = YES;
				CLANG_WARN_CONSTANT_CONVERSION = YES;
				CLANG_WARN_DEPRECATED_OBJC_IMPLEMENTATIONS = YES;
				CLANG_WARN_DIRECT_OBJC_ISA_USAGE = YES_ERROR;
				CLANG_WARN_DOCUMENTATION_COMMENTS = YES;
				CLANG_WARN_EMPTY_BODY = YES;
				CLANG_WARN_ENUM_CONVERSION = YES;
				CLANG_WARN_INFINITE_RECURSION = YES;
				CLANG_WARN_INT_CONVERSION = YES;
				CLANG_WARN_NON_LITERAL_NULL_CONVERSION = YES;
				CLANG_WARN_OBJC_IMPLICIT_RETAIN_SELF = YES;
				CLANG_WARN_OBJC_LITERAL_CONVERSION = YES;
				CLANG_WARN_OBJC_ROOT_CLASS = YES_ERROR;
				CLANG_WARN_QUOTED_INCLUDE_IN_FRAMEWORK_HEADER = YES;
				CLANG_WARN_RANGE_LOOP_ANALYSIS = YES;
				CLANG_WARN_STRICT_PROTOTYPES = YES;
				CLANG_WARN_SUSPICIOUS_MOVE = YES;
				CLANG_WARN_UNGUARDED_AVAILABILITY = YES_AGGRESSIVE;
				CLANG_WARN_UNREACHABLE_CODE = YES;
				CLANG_WARN__DUPLICATE_METHOD_MATCH = YES;
				COPY_PHASE_STRIP = NO;
				DEBUG_INFORMATION_FORMAT = dwarf;
				ENABLE_STRICT_OBJC_MSGSEND = YES;
				ENABLE_TESTABILITY = YES;
				ENABLE_USER_SCRIPT_SANDBOXING = YES;
				GCC_C_LANGUAGE_STANDARD = gnu17;
				GCC_DYNAMIC_NO_PIC = NO;
				GCC_NO_COMMON_BLOCKS = YES;
				GCC_OPTIMIZATION_LEVEL = 0;
				GCC_PREPROCESSOR_DEFINITIONS = (
					"DEBUG=1",
					"$(inherited)",
				);
				GCC_WARN_64_TO_32_BIT_CONVERSION = YES;
				GCC_WARN_ABOUT_RETURN_TYPE = YES_ERROR;
				GCC_WARN_UNDECLARED_SELECTOR = YES;
				GCC_WARN_UNINITIALIZED_AUTOS = YES_AGGRESSIVE;
				GCC_WARN_UNUSED_FUNCTION = YES;
				GCC_WARN_UNUSED_VARIABLE = YES;
				IPHONEOS_DEPLOYMENT_TARGET = 17.2;
				LOCALIZATION_PREFERS_STRING_CATALOGS = YES;
				MTL_ENABLE_DEBUG_INFO = INCLUDE_SOURCE;
				MTL_FAST_MATH = YES;
				ONLY_ACTIVE_ARCH = YES;
				SDKROOT = iphoneos;
				SWIFT_ACTIVE_COMPILATION_CONDITIONS = "DEBUG $(inherited)";
				SWIFT_OPTIMIZATION_LEVEL = "-Onone";
			};
			name = Debug;
		};
		472AE02D2BF537B4000C97FF /* Release */ = {
			isa = XCBuildConfiguration;
			buildSettings = {
				ALWAYS_SEARCH_USER_PATHS = NO;
				ASSETCATALOG_COMPILER_GENERATE_SWIFT_ASSET_SYMBOL_EXTENSIONS = YES;
				CLANG_ANALYZER_NONNULL = YES;
				CLANG_ANALYZER_NUMBER_OBJECT_CONVERSION = YES_AGGRESSIVE;
				CLANG_CXX_LANGUAGE_STANDARD = "gnu++20";
				CLANG_ENABLE_MODULES = YES;
				CLANG_ENABLE_OBJC_ARC = YES;
				CLANG_ENABLE_OBJC_WEAK = YES;
				CLANG_WARN_BLOCK_CAPTURE_AUTORELEASING = YES;
				CLANG_WARN_BOOL_CONVERSION = YES;
				CLANG_WARN_COMMA = YES;
				CLANG_WARN_CONSTANT_CONVERSION = YES;
				CLANG_WARN_DEPRECATED_OBJC_IMPLEMENTATIONS = YES;
				CLANG_WARN_DIRECT_OBJC_ISA_USAGE = YES_ERROR;
				CLANG_WARN_DOCUMENTATION_COMMENTS = YES;
				CLANG_WARN_EMPTY_BODY = YES;
				CLANG_WARN_ENUM_CONVERSION = YES;
				CLANG_WARN_INFINITE_RECURSION = YES;
				CLANG_WARN_INT_CONVERSION = YES;
				CLANG_WARN_NON_LITERAL_NULL_CONVERSION = YES;
				CLANG_WARN_OBJC_IMPLICIT_RETAIN_SELF = YES;
				CLANG_WARN_OBJC_LITERAL_CONVERSION = YES;
				CLANG_WARN_OBJC_ROOT_CLASS = YES_ERROR;
				CLANG_WARN_QUOTED_INCLUDE_IN_FRAMEWORK_HEADER = YES;
				CLANG_WARN_RANGE_LOOP_ANALYSIS = YES;
				CLANG_WARN_STRICT_PROTOTYPES = YES;
				CLANG_WARN_SUSPICIOUS_MOVE = YES;
				CLANG_WARN_UNGUARDED_AVAILABILITY = YES_AGGRESSIVE;
				CLANG_WARN_UNREACHABLE_CODE = YES;
				CLANG_WARN__DUPLICATE_METHOD_MATCH = YES;
				COPY_PHASE_STRIP = NO;
				DEBUG_INFORMATION_FORMAT = "dwarf-with-dsym";
				ENABLE_NS_ASSERTIONS = NO;
				ENABLE_STRICT_OBJC_MSGSEND = YES;
				ENABLE_USER_SCRIPT_SANDBOXING = YES;
				GCC_C_LANGUAGE_STANDARD = gnu17;
				GCC_NO_COMMON_BLOCKS = YES;
				GCC_WARN_64_TO_32_BIT_CONVERSION = YES;
				GCC_WARN_ABOUT_RETURN_TYPE = YES_ERROR;
				GCC_WARN_UNDECLARED_SELECTOR = YES;
				GCC_WARN_UNINITIALIZED_AUTOS = YES_AGGRESSIVE;
				GCC_WARN_UNUSED_FUNCTION = YES;
				GCC_WARN_UNUSED_VARIABLE = YES;
				IPHONEOS_DEPLOYMENT_TARGET = 17.2;
				LOCALIZATION_PREFERS_STRING_CATALOGS = YES;
				MTL_ENABLE_DEBUG_INFO = NO;
				MTL_FAST_MATH = YES;
				SDKROOT = iphoneos;
				SWIFT_COMPILATION_MODE = wholemodule;
				VALIDATE_PRODUCT = YES;
			};
			name = Release;
		};
		472AE02F2BF537B4000C97FF /* Debug */ = {
			isa = XCBuildConfiguration;
			baseConfigurationReference = 689E511AE7070E26FF401654 /* Pods-SportsApp.debug.xcconfig */;
			buildSettings = {
				ASSETCATALOG_COMPILER_APPICON_NAME = AppIcon;
				ASSETCATALOG_COMPILER_GLOBAL_ACCENT_COLOR_NAME = AccentColor;
				CODE_SIGN_STYLE = Automatic;
				CURRENT_PROJECT_VERSION = 1;
				ENABLE_USER_SCRIPT_SANDBOXING = NO;
				GENERATE_INFOPLIST_FILE = YES;
				INFOPLIST_FILE = SportsApp/Info.plist;
				INFOPLIST_KEY_UIApplicationSupportsIndirectInputEvents = YES;
				INFOPLIST_KEY_UILaunchStoryboardName = LaunchScreen;
				INFOPLIST_KEY_UIMainStoryboardFile = Main;
				INFOPLIST_KEY_UISupportedInterfaceOrientations_iPad = "UIInterfaceOrientationPortrait UIInterfaceOrientationPortraitUpsideDown UIInterfaceOrientationLandscapeLeft UIInterfaceOrientationLandscapeRight";
				INFOPLIST_KEY_UISupportedInterfaceOrientations_iPhone = "UIInterfaceOrientationPortrait UIInterfaceOrientationLandscapeLeft UIInterfaceOrientationLandscapeRight";
				LD_RUNPATH_SEARCH_PATHS = (
					"$(inherited)",
					"@executable_path/Frameworks",
				);
				MARKETING_VERSION = 1.0;
				PRODUCT_BUNDLE_IDENTIFIER = ITI.SportsApp;
				PRODUCT_NAME = "$(TARGET_NAME)";
				SWIFT_EMIT_LOC_STRINGS = YES;
				SWIFT_VERSION = 5.0;
				TARGETED_DEVICE_FAMILY = "1,2";
			};
			name = Debug;
		};
		472AE0302BF537B4000C97FF /* Release */ = {
			isa = XCBuildConfiguration;
			baseConfigurationReference = 80CF066E1D7D80F4B77C7D12 /* Pods-SportsApp.release.xcconfig */;
			buildSettings = {
				ASSETCATALOG_COMPILER_APPICON_NAME = AppIcon;
				ASSETCATALOG_COMPILER_GLOBAL_ACCENT_COLOR_NAME = AccentColor;
				CODE_SIGN_STYLE = Automatic;
				CURRENT_PROJECT_VERSION = 1;
				ENABLE_USER_SCRIPT_SANDBOXING = NO;
				GENERATE_INFOPLIST_FILE = YES;
				INFOPLIST_FILE = SportsApp/Info.plist;
				INFOPLIST_KEY_UIApplicationSupportsIndirectInputEvents = YES;
				INFOPLIST_KEY_UILaunchStoryboardName = LaunchScreen;
				INFOPLIST_KEY_UIMainStoryboardFile = Main;
				INFOPLIST_KEY_UISupportedInterfaceOrientations_iPad = "UIInterfaceOrientationPortrait UIInterfaceOrientationPortraitUpsideDown UIInterfaceOrientationLandscapeLeft UIInterfaceOrientationLandscapeRight";
				INFOPLIST_KEY_UISupportedInterfaceOrientations_iPhone = "UIInterfaceOrientationPortrait UIInterfaceOrientationLandscapeLeft UIInterfaceOrientationLandscapeRight";
				LD_RUNPATH_SEARCH_PATHS = (
					"$(inherited)",
					"@executable_path/Frameworks",
				);
				MARKETING_VERSION = 1.0;
				PRODUCT_BUNDLE_IDENTIFIER = ITI.SportsApp;
				PRODUCT_NAME = "$(TARGET_NAME)";
				SWIFT_EMIT_LOC_STRINGS = YES;
				SWIFT_VERSION = 5.0;
				TARGETED_DEVICE_FAMILY = "1,2";
			};
			name = Release;
		};
		472AE0322BF537B4000C97FF /* Debug */ = {
			isa = XCBuildConfiguration;
			baseConfigurationReference = 8C52CE043F0159844257ED80 /* Pods-SportsAppTests.debug.xcconfig */;
			buildSettings = {
				ALWAYS_EMBED_SWIFT_STANDARD_LIBRARIES = YES;
				BUNDLE_LOADER = "$(TEST_HOST)";
				CODE_SIGN_STYLE = Automatic;
				CURRENT_PROJECT_VERSION = 1;
				ENABLE_USER_SCRIPT_SANDBOXING = NO;
				GENERATE_INFOPLIST_FILE = YES;
				IPHONEOS_DEPLOYMENT_TARGET = 17.2;
				MARKETING_VERSION = 1.0;
				PRODUCT_BUNDLE_IDENTIFIER = ITI.SportsAppTests;
				PRODUCT_NAME = "$(TARGET_NAME)";
				SWIFT_EMIT_LOC_STRINGS = NO;
				SWIFT_VERSION = 5.0;
				TARGETED_DEVICE_FAMILY = "1,2";
				TEST_HOST = "$(BUILT_PRODUCTS_DIR)/SportsApp.app/$(BUNDLE_EXECUTABLE_FOLDER_PATH)/SportsApp";
			};
			name = Debug;
		};
		472AE0332BF537B4000C97FF /* Release */ = {
			isa = XCBuildConfiguration;
			baseConfigurationReference = 6C0F9DF8076972E3714F5A20 /* Pods-SportsAppTests.release.xcconfig */;
			buildSettings = {
				ALWAYS_EMBED_SWIFT_STANDARD_LIBRARIES = YES;
				BUNDLE_LOADER = "$(TEST_HOST)";
				CODE_SIGN_STYLE = Automatic;
				CURRENT_PROJECT_VERSION = 1;
				ENABLE_USER_SCRIPT_SANDBOXING = NO;
				GENERATE_INFOPLIST_FILE = YES;
				IPHONEOS_DEPLOYMENT_TARGET = 17.2;
				MARKETING_VERSION = 1.0;
				PRODUCT_BUNDLE_IDENTIFIER = ITI.SportsAppTests;
				PRODUCT_NAME = "$(TARGET_NAME)";
				SWIFT_EMIT_LOC_STRINGS = NO;
				SWIFT_VERSION = 5.0;
				TARGETED_DEVICE_FAMILY = "1,2";
				TEST_HOST = "$(BUILT_PRODUCTS_DIR)/SportsApp.app/$(BUNDLE_EXECUTABLE_FOLDER_PATH)/SportsApp";
			};
			name = Release;
		};
		472AE0352BF537B4000C97FF /* Debug */ = {
			isa = XCBuildConfiguration;
			baseConfigurationReference = 0EDE2F6250843695AB1BEEA2 /* Pods-SportsApp-SportsAppUITests.debug.xcconfig */;
			buildSettings = {
				ALWAYS_EMBED_SWIFT_STANDARD_LIBRARIES = YES;
				CODE_SIGN_STYLE = Automatic;
				CURRENT_PROJECT_VERSION = 1;
				ENABLE_USER_SCRIPT_SANDBOXING = NO;
				GENERATE_INFOPLIST_FILE = YES;
				MARKETING_VERSION = 1.0;
				PRODUCT_BUNDLE_IDENTIFIER = ITI.SportsAppUITests;
				PRODUCT_NAME = "$(TARGET_NAME)";
				SWIFT_EMIT_LOC_STRINGS = NO;
				SWIFT_VERSION = 5.0;
				TARGETED_DEVICE_FAMILY = "1,2";
				TEST_TARGET_NAME = SportsApp;
			};
			name = Debug;
		};
		472AE0362BF537B4000C97FF /* Release */ = {
			isa = XCBuildConfiguration;
			baseConfigurationReference = 168A021EBFD3253A9D162A03 /* Pods-SportsApp-SportsAppUITests.release.xcconfig */;
			buildSettings = {
				ALWAYS_EMBED_SWIFT_STANDARD_LIBRARIES = YES;
				CODE_SIGN_STYLE = Automatic;
				CURRENT_PROJECT_VERSION = 1;
				ENABLE_USER_SCRIPT_SANDBOXING = NO;
				GENERATE_INFOPLIST_FILE = YES;
				MARKETING_VERSION = 1.0;
				PRODUCT_BUNDLE_IDENTIFIER = ITI.SportsAppUITests;
				PRODUCT_NAME = "$(TARGET_NAME)";
				SWIFT_EMIT_LOC_STRINGS = NO;
				SWIFT_VERSION = 5.0;
				TARGETED_DEVICE_FAMILY = "1,2";
				TEST_TARGET_NAME = SportsApp;
			};
			name = Release;
		};
/* End XCBuildConfiguration section */

/* Begin XCConfigurationList section */
		472ADFFC2BF537B0000C97FF /* Build configuration list for PBXProject "SportsApp" */ = {
			isa = XCConfigurationList;
			buildConfigurations = (
				472AE02C2BF537B4000C97FF /* Debug */,
				472AE02D2BF537B4000C97FF /* Release */,
			);
			defaultConfigurationIsVisible = 0;
			defaultConfigurationName = Release;
		};
		472AE02E2BF537B4000C97FF /* Build configuration list for PBXNativeTarget "SportsApp" */ = {
			isa = XCConfigurationList;
			buildConfigurations = (
				472AE02F2BF537B4000C97FF /* Debug */,
				472AE0302BF537B4000C97FF /* Release */,
			);
			defaultConfigurationIsVisible = 0;
			defaultConfigurationName = Release;
		};
		472AE0312BF537B4000C97FF /* Build configuration list for PBXNativeTarget "SportsAppTests" */ = {
			isa = XCConfigurationList;
			buildConfigurations = (
				472AE0322BF537B4000C97FF /* Debug */,
				472AE0332BF537B4000C97FF /* Release */,
			);
			defaultConfigurationIsVisible = 0;
			defaultConfigurationName = Release;
		};
		472AE0342BF537B4000C97FF /* Build configuration list for PBXNativeTarget "SportsAppUITests" */ = {
			isa = XCConfigurationList;
			buildConfigurations = (
				472AE0352BF537B4000C97FF /* Debug */,
				472AE0362BF537B4000C97FF /* Release */,
			);
			defaultConfigurationIsVisible = 0;
			defaultConfigurationName = Release;
		};
/* End XCConfigurationList section */

/* Begin XCVersionGroup section */
		472AE00D2BF537B0000C97FF /* SportsApp.xcdatamodeld */ = {
			isa = XCVersionGroup;
			children = (
				472AE00E2BF537B0000C97FF /* SportsApp.xcdatamodel */,
			);
			currentVersion = 472AE00E2BF537B0000C97FF /* SportsApp.xcdatamodel */;
			path = SportsApp.xcdatamodeld;
			sourceTree = "<group>";
			versionGroupType = wrapper.xcdatamodel;
		};
/* End XCVersionGroup section */
	};
	rootObject = 472ADFF92BF537B0000C97FF /* Project object */;
}
